<Solution>
  <Project Path="Tollervey.LightningPayments.Core/Tollervey.LightningPayments.Breez.csproj" />
  <Project Path="Tollervey.Umbraco.LightningPayments.Tests/Tollervey.Umbraco.LightningPayments.Tests.csproj" />
  <Project Path="Tollervey.Umbraco.LightningPayments/Tollervey.Umbraco.LightningPayments.csproj" />
</Solution>
